
Microsoft Visual Studio Solution File, Format Version 12.00
# Visual Studio Version 17
VisualStudioVersion = 17.4.33110.190
MinimumVisualStudioVersion = 10.0.40219.1
Project("{FAE04EC0-301F-11D3-BF4B-00C04F79EFBC}") = "UC4_HarmonicNumber", "UC4_HarmonicNumber.csproj", "{CE110639-BB18-4646-93C7-B7B3F452D466}"
EndProject
Global
	GlobalSection(SolutionConfigurationPlatforms) = preSolution
		Debug|Any CPU = Debug|Any CPU
		Release|Any CPU = Release|Any CPU
	EndGlobalSection
	GlobalSection(ProjectConfigurationPlatforms) = postSolution
		{CE110639-BB18-4646-93C7-B7B3F452D466}.Debug|Any CPU.ActiveCfg = Debug|Any CPU
		{CE110639-BB18-4646-93C7-B7B3F452D466}.Debug|Any CPU.Build.0 = Debug|Any CPU
		{CE110639-BB18-4646-93C7-B7B3F452D466}.Release|Any CPU.ActiveCfg = Release|Any CPU
		{CE110639-BB18-4646-93C7-B7B3F452D466}.Release|Any CPU.Build.0 = Release|Any CPU
	EndGlobalSection
	GlobalSection(SolutionProperties) = preSolution
		HideSolutionNode = FALSE
	EndGlobalSection
	GlobalSection(ExtensibilityGlobals) = postSolution
		SolutionGuid = {4D08DB71-3087-42FD-AE7F-8AF956B4520A}
	EndGlobalSection
EndGlobal
