
Microsoft Visual Studio Solution File, Format Version 12.00
# Visual Studio Version 17
VisualStudioVersion = 17.4.33110.190
MinimumVisualStudioVersion = 10.0.40219.1
Project("{FAE04EC0-301F-11D3-BF4B-00C04F79EFBC}") = "UC6_Compute", "UC6_Compute.csproj", "{83C85AE4-863F-40AC-B8B9-C69811711C2C}"
EndProject
Global
	GlobalSection(SolutionConfigurationPlatforms) = preSolution
		Debug|Any CPU = Debug|Any CPU
		Release|Any CPU = Release|Any CPU
	EndGlobalSection
	GlobalSection(ProjectConfigurationPlatforms) = postSolution
		{83C85AE4-863F-40AC-B8B9-C69811711C2C}.Debug|Any CPU.ActiveCfg = Debug|Any CPU
		{83C85AE4-863F-40AC-B8B9-C69811711C2C}.Debug|Any CPU.Build.0 = Debug|Any CPU
		{83C85AE4-863F-40AC-B8B9-C69811711C2C}.Release|Any CPU.ActiveCfg = Release|Any CPU
		{83C85AE4-863F-40AC-B8B9-C69811711C2C}.Release|Any CPU.Build.0 = Release|Any CPU
	EndGlobalSection
	GlobalSection(SolutionProperties) = preSolution
		HideSolutionNode = FALSE
	EndGlobalSection
	GlobalSection(ExtensibilityGlobals) = postSolution
		SolutionGuid = {5C7B14A8-17B1-4312-A8F5-EB2D3645FEC7}
	EndGlobalSection
EndGlobal
